# This file is automatically @generated by Cargo.
# It is not intended for manual editing.
version = 4

[[package]]
name = "cel-untwine"
version = "0.1.0"
dependencies = [
 "untwine",
]

[[package]]
name = "proc-macro2"
version = "1.0.95"
source = "registry+https://github.com/rust-lang/crates.io-index"
checksum = "02b3e5e68a3a1a02aad3ec490a98007cbc13c37cbe84a3cd7b8e406d76e7f778"
dependencies = [
 "unicode-ident",
]

[[package]]
name = "quote"
version = "1.0.40"
source = "registry+https://github.com/rust-lang/crates.io-index"
checksum = "1885c039570dc00dcb4ff087a89e185fd56bae234ddc7f056a945bf36467248d"
dependencies = [
 "proc-macro2",
]

[[package]]
name = "syn"
version = "2.0.104"
source = "registry+https://github.com/rust-lang/crates.io-index"
checksum = "17b6f705963418cdb9927482fa304bc562ece2fdd4f616084c50b7023b435a40"
dependencies = [
 "proc-macro2",
 "quote",
 "unicode-ident",
]

[[package]]
name = "unicode-ident"
version = "1.0.18"
source = "registry+https://github.com/rust-lang/crates.io-index"
checksum = "5a5f39404a5da50712a4c1eecf25e90dd62b613502b7e925fd4e4d19b5c96512"

[[package]]
name = "untwine"
version = "0.9.3"
source = "registry+https://github.com/rust-lang/crates.io-index"
checksum = "703f01bac8f96ef48b40eb24649e87322ed14af872c963d50b4dcfac4f0f1050"
dependencies = [
 "untwine_macros",
]

[[package]]
name = "untwine_macros"
version = "0.9.3"
source = "registry+https://github.com/rust-lang/crates.io-index"
checksum = "cef2a27995be3c7182c4d0a636655e0214edbc18808c11b22effa04188364da8"
dependencies = [
 "proc-macro2",
 "quote",
 "syn",
]
